
Microsoft Visual Studio Solution File, Format Version 12.00
# Visual Studio 15
VisualStudioVersion = 15.0.27703.2018
MinimumVisualStudioVersion = 10.0.40219.1
Project("{8BC9CEB8-8B4A-11D0-8D11-00A0C91BC942}") = "TestOpenSSL", "TestOpenSSL\TestOpenSSL.vcxproj", "{B870B8E5-581C-49B6-A634-AAEAFBCF135B}"
EndProject
Global
	GlobalSection(SolutionConfigurationPlatforms) = preSolution
		Debug|x64 = Debug|x64
		Debug|x86 = Debug|x86
		Release|x64 = Release|x64
		Release|x86 = Release|x86
	EndGlobalSection
	GlobalSection(ProjectConfigurationPlatforms) = postSolution
		{B870B8E5-581C-49B6-A634-AAEAFBCF135B}.Debug|x64.ActiveCfg = Debug|x64
		{B870B8E5-581C-49B6-A634-AAEAFBCF135B}.Debug|x64.Build.0 = Debug|x64
		{B870B8E5-581C-49B6-A634-AAEAFBCF135B}.Debug|x86.ActiveCfg = Debug|Win32
		{B870B8E5-581C-49B6-A634-AAEAFBCF135B}.Debug|x86.Build.0 = Debug|Win32
		{B870B8E5-581C-49B6-A634-AAEAFBCF135B}.Release|x64.ActiveCfg = Release|x64
		{B870B8E5-581C-49B6-A634-AAEAFBCF135B}.Release|x64.Build.0 = Release|x64
		{B870B8E5-581C-49B6-A634-AAEAFBCF135B}.Release|x86.ActiveCfg = Release|Win32
		{B870B8E5-581C-49B6-A634-AAEAFBCF135B}.Release|x86.Build.0 = Release|Win32
	EndGlobalSection
	GlobalSection(SolutionProperties) = preSolution
		HideSolutionNode = FALSE
	EndGlobalSection
	GlobalSection(ExtensibilityGlobals) = postSolution
		SolutionGuid = {82619692-3F4D-4DEA-8BC7-0F06B436723B}
	EndGlobalSection
EndGlobal
